
Microsoft Visual Studio Solution File, Format Version 12.00
# Visual Studio Version 17
VisualStudioVersion = 17.13.35931.197
MinimumVisualStudioVersion = 10.0.40219.1
Project("{FAE04EC0-301F-11D3-BF4B-00C04F79EFBC}") = "Bulky.DataAccess", "Bulky.DataAccess\Bulky.DataAccess.csproj", "{49AA7CBB-1BF0-426D-8CEF-9CC99C1CFE4B}"
EndProject
Project("{FAE04EC0-301F-11D3-BF4B-00C04F79EFBC}") = "Bulky.Models", "Bulky.Models\Bulky.Models.csproj", "{22B8A836-AE0A-417A-BF0D-5F594E82F2BF}"
EndProject
Project("{FAE04EC0-301F-11D3-BF4B-00C04F79EFBC}") = "BulkyWeb", "BulkyWeb\BulkyWeb.csproj", "{BDA8384B-4A98-D330-54B7-E9EB80C536FE}"
EndProject
Project("{FAE04EC0-301F-11D3-BF4B-00C04F79EFBC}") = "Bulky.Utility", "Bulky.Utility\Bulky.Utility.csproj", "{DE738FC0-D3C4-4448-A21C-6DF509C58E79}"
EndProject
Global
	GlobalSection(SolutionConfigurationPlatforms) = preSolution
		Debug|Any CPU = Debug|Any CPU
		Release|Any CPU = Release|Any CPU
	EndGlobalSection
	GlobalSection(ProjectConfigurationPlatforms) = postSolution
		{49AA7CBB-1BF0-426D-8CEF-9CC99C1CFE4B}.Debug|Any CPU.ActiveCfg = Debug|Any CPU
		{49AA7CBB-1BF0-426D-8CEF-9CC99C1CFE4B}.Debug|Any CPU.Build.0 = Debug|Any CPU
		{49AA7CBB-1BF0-426D-8CEF-9CC99C1CFE4B}.Release|Any CPU.ActiveCfg = Release|Any CPU
		{49AA7CBB-1BF0-426D-8CEF-9CC99C1CFE4B}.Release|Any CPU.Build.0 = Release|Any CPU
		{22B8A836-AE0A-417A-BF0D-5F594E82F2BF}.Debug|Any CPU.ActiveCfg = Debug|Any CPU
		{22B8A836-AE0A-417A-BF0D-5F594E82F2BF}.Debug|Any CPU.Build.0 = Debug|Any CPU
		{22B8A836-AE0A-417A-BF0D-5F594E82F2BF}.Release|Any CPU.ActiveCfg = Release|Any CPU
		{22B8A836-AE0A-417A-BF0D-5F594E82F2BF}.Release|Any CPU.Build.0 = Release|Any CPU
		{BDA8384B-4A98-D330-54B7-E9EB80C536FE}.Debug|Any CPU.ActiveCfg = Debug|Any CPU
		{BDA8384B-4A98-D330-54B7-E9EB80C536FE}.Debug|Any CPU.Build.0 = Debug|Any CPU
		{BDA8384B-4A98-D330-54B7-E9EB80C536FE}.Release|Any CPU.ActiveCfg = Release|Any CPU
		{BDA8384B-4A98-D330-54B7-E9EB80C536FE}.Release|Any CPU.Build.0 = Release|Any CPU
		{DE738FC0-D3C4-4448-A21C-6DF509C58E79}.Debug|Any CPU.ActiveCfg = Debug|Any CPU
		{DE738FC0-D3C4-4448-A21C-6DF509C58E79}.Debug|Any CPU.Build.0 = Debug|Any CPU
		{DE738FC0-D3C4-4448-A21C-6DF509C58E79}.Release|Any CPU.ActiveCfg = Release|Any CPU
		{DE738FC0-D3C4-4448-A21C-6DF509C58E79}.Release|Any CPU.Build.0 = Release|Any CPU
	EndGlobalSection
	GlobalSection(SolutionProperties) = preSolution
		HideSolutionNode = FALSE
	EndGlobalSection
	GlobalSection(ExtensibilityGlobals) = postSolution
		SolutionGuid = {CE782CFA-EB73-42BE-96E5-CF4DEE793F33}
	EndGlobalSection
EndGlobal
